
Microsoft Visual Studio Solution File, Format Version 12.00
# Visual Studio Version 16
VisualStudioVersion = 16.0.31702.278
MinimumVisualStudioVersion = 10.0.40219.1
Project("{FAE04EC0-301F-11D3-BF4B-00C04F79EFBC}") = "ArrayClassMethod", "ArrayClassMethod.csproj", "{8CEE99FE-ECC7-4775-937D-528EE366D0C9}"
EndProject
Global
	GlobalSection(SolutionConfigurationPlatforms) = preSolution
		Debug|Any CPU = Debug|Any CPU
		Release|Any CPU = Release|Any CPU
	EndGlobalSection
	GlobalSection(ProjectConfigurationPlatforms) = postSolution
		{8CEE99FE-ECC7-4775-937D-528EE366D0C9}.Debug|Any CPU.ActiveCfg = Debug|Any CPU
		{8CEE99FE-ECC7-4775-937D-528EE366D0C9}.Debug|Any CPU.Build.0 = Debug|Any CPU
		{8CEE99FE-ECC7-4775-937D-528EE366D0C9}.Release|Any CPU.ActiveCfg = Release|Any CPU
		{8CEE99FE-ECC7-4775-937D-528EE366D0C9}.Release|Any CPU.Build.0 = Release|Any CPU
	EndGlobalSection
	GlobalSection(SolutionProperties) = preSolution
		HideSolutionNode = FALSE
	EndGlobalSection
	GlobalSection(ExtensibilityGlobals) = postSolution
		SolutionGuid = {7A978595-EFA5-4A7D-8E62-E4D583BEAA33}
	EndGlobalSection
EndGlobal
